
Microsoft Visual Studio Solution File, Format Version 12.00
# Visual Studio Version 17
VisualStudioVersion = 17.8.34330.188
MinimumVisualStudioVersion = 10.0.40219.1
Project("{FAE04EC0-301F-11D3-BF4B-00C04F79EFBC}") = "Assignment22", "Assignment22\Assignment22.csproj", "{AA6A428E-EB0F-4BE5-9D42-80F423B87968}"
EndProject
Global
	GlobalSection(SolutionConfigurationPlatforms) = preSolution
		Debug|Any CPU = Debug|Any CPU
		Release|Any CPU = Release|Any CPU
	EndGlobalSection
	GlobalSection(ProjectConfigurationPlatforms) = postSolution
		{AA6A428E-EB0F-4BE5-9D42-80F423B87968}.Debug|Any CPU.ActiveCfg = Debug|Any CPU
		{AA6A428E-EB0F-4BE5-9D42-80F423B87968}.Debug|Any CPU.Build.0 = Debug|Any CPU
		{AA6A428E-EB0F-4BE5-9D42-80F423B87968}.Release|Any CPU.ActiveCfg = Release|Any CPU
		{AA6A428E-EB0F-4BE5-9D42-80F423B87968}.Release|Any CPU.Build.0 = Release|Any CPU
	EndGlobalSection
	GlobalSection(SolutionProperties) = preSolution
		HideSolutionNode = FALSE
	EndGlobalSection
	GlobalSection(ExtensibilityGlobals) = postSolution
		SolutionGuid = {D3DCCCB4-EC8B-400D-A339-77E2CBFAFCE4}
	EndGlobalSection
EndGlobal
